
Microsoft Visual Studio Solution File, Format Version 12.00
# Visual Studio Version 16
VisualStudioVersion = 16.0.29001.49
MinimumVisualStudioVersion = 10.0.40219.1
Project("{FAE04EC0-301F-11D3-BF4B-00C04F79EFBC}") = "MyNUnitTests", "MyNUnitTests\MyNUnitTests.csproj", "{D456360A-0235-468A-8B5B-D8A7C1F8A426}"
EndProject
Global
	GlobalSection(SolutionConfigurationPlatforms) = preSolution
		Debug|Any CPU = Debug|Any CPU
		Release|Any CPU = Release|Any CPU
	EndGlobalSection
	GlobalSection(ProjectConfigurationPlatforms) = postSolution
		{D456360A-0235-468A-8B5B-D8A7C1F8A426}.Debug|Any CPU.ActiveCfg = Debug|Any CPU
		{D456360A-0235-468A-8B5B-D8A7C1F8A426}.Debug|Any CPU.Build.0 = Debug|Any CPU
		{D456360A-0235-468A-8B5B-D8A7C1F8A426}.Release|Any CPU.ActiveCfg = Release|Any CPU
		{D456360A-0235-468A-8B5B-D8A7C1F8A426}.Release|Any CPU.Build.0 = Release|Any CPU
	EndGlobalSection
	GlobalSection(SolutionProperties) = preSolution
		HideSolutionNode = FALSE
	EndGlobalSection
	GlobalSection(ExtensibilityGlobals) = postSolution
		SolutionGuid = {A9C3E4EA-E9FD-48AF-973F-CD8BE96E3BDA}
	EndGlobalSection
EndGlobal
